// !$*UTF8*$!
{
	archiveVersion = 1;
	classes = {
	};
	objectVersion = 46;
	objects = {

/* Begin PBXBuildFile section */
		4F6C5C9F1BB3FE8500CE5506 /* main.m in Sources */ = {isa = PBXBuildFile; fileRef = 4F6C5C9E1BB3FE8500CE5506 /* main.m */; };
		4F6C5CA21BB3FE8500CE5506 /* AppDelegate.m in Sources */ = {isa = PBXBuildFile; fileRef = 4F6C5CA11BB3FE8500CE5506 /* AppDelegate.m */; };
		4F6C5CA51BB3FE8500CE5506 /* ViewController.m in Sources */ = {isa = PBXBuildFile; fileRef = 4F6C5CA41BB3FE8500CE5506 /* ViewController.m */; };
		4F6C5CA81BB3FE8500CE5506 /* Main.storyboard in Resources */ = {isa = PBXBuildFile; fileRef = 4F6C5CA61BB3FE8500CE5506 /* Main.storyboard */; };
		4F6C5CAA1BB3FE8500CE5506 /* Assets.xcassets in Resources */ = {isa = PBXBuildFile; fileRef = 4F6C5CA91BB3FE8500CE5506 /* Assets.xcassets */; };
		4F6C5CAD1BB3FE8500CE5506 /* LaunchScreen.storyboard in Resources */ = {isa = PBXBuildFile; fileRef = 4F6C5CAB1BB3FE8500CE5506 /* LaunchScreen.storyboard */; };
		4F6C5CB81BB3FE8500CE5506 /* OLiNotifictionCenterTests.m in Sources */ = {isa = PBXBuildFile; fileRef = 4F6C5CB71BB3FE8500CE5506 /* OLiNotifictionCenterTests.m */; };
		4F6C5CC31BB3FE8500CE5506 /* OLiNotifictionCenterUITests.m in Sources */ = {isa = PBXBuildFile; fileRef = 4F6C5CC21BB3FE8500CE5506 /* OLiNotifictionCenterUITests.m */; };
		4F6C5CD31BB3FEBA00CE5506 /* OLiNotifictionCenterManage.m in Sources */ = {isa = PBXBuildFile; fileRef = 4F6C5CD21BB3FEBA00CE5506 /* OLiNotifictionCenterManage.m */; settings = {ASSET_TAGS = (); }; };
		4F6C5CD41BB3FEBA00CE5506 /* OLiNotifictionCenterManage.m in Sources */ = {isa = PBXBuildFile; fileRef = 4F6C5CD21BB3FEBA00CE5506 /* OLiNotifictionCenterManage.m */; settings = {ASSET_TAGS = (); }; };
		4F6C5CD51BB3FEBA00CE5506 /* OLiNotifictionCenterManage.m in Sources */ = {isa = PBXBuildFile; fileRef = 4F6C5CD21BB3FEBA00CE5506 /* OLiNotifictionCenterManage.m */; settings = {ASSET_TAGS = (); }; };
/* End PBXBuildFile section */

/* Begin PBXContainerItemProxy section */
		4F6C5CB41BB3FE8500CE5506 /* PBXContainerItemProxy */ = {
			isa = PBXContainerItemProxy;
			containerPortal = 4F6C5C921BB3FE8500CE5506 /* Project object */;
			proxyType = 1;
			remoteGlobalIDString = 4F6C5C991BB3FE8500CE5506;
			remoteInfo = OLiNotifictionCenter;
		};
		4F6C5CBF1BB3FE8500CE5506 /* PBXContainerItemProxy */ = {
			isa = PBXContainerItemProxy;
			containerPortal = 4F6C5C921BB3FE8500CE5506 /* Project object */;
			proxyType = 1;
			remoteGlobalIDString = 4F6C5C991BB3FE8500CE5506;
			remoteInfo = OLiNotifictionCenter;
		};
/* End PBXContainerItemProxy section */

/* Begin PBXFileReference section */
		4F6C5C9A1BB3FE8500CE5506 /* OLiNotifictionCenter.app */ = {isa = PBXFileReference; explicitFileType = wrapper.application; includeInIndex = 0; path = OLiNotifictionCenter.app; sourceTree = BUILT_PRODUCTS_DIR; };
		4F6C5C9E1BB3FE8500CE5506 /* main.m */ = {isa = PBXFileReference; lastKnownFileType = sourcecode.c.objc; path = main.m; sourceTree = "<group>"; };
		4F6C5CA01BB3FE8500CE5506 /* AppDelegate.h */ = {isa = PBXFileReference; lastKnownFileType = sourcecode.c.h; path = AppDelegate.h; sourceTree = "<group>"; };
		4F6C5CA11BB3FE8500CE5506 /* AppDelegate.m */ = {isa = PBXFileReference; lastKnownFileType = sourcecode.c.objc; path = AppDelegate.m; sourceTree = "<group>"; };
		4F6C5CA31BB3FE8500CE5506 /* ViewController.h */ = {isa = PBXFileReference; lastKnownFileType = sourcecode.c.h; path = ViewController.h; sourceTree = "<group>"; };
		4F6C5CA41BB3FE8500CE5506 /* ViewController.m */ = {isa = PBXFileReference; lastKnownFileType = sourcecode.c.objc; path = ViewController.m; sourceTree = "<group>"; };
		4F6C5CA71BB3FE8500CE5506 /* Base */ = {isa = PBXFileReference; lastKnownFileType = file.storyboard; name = Base; path = Base.lproj/Main.storyboard; sourceTree = "<group>"; };
		4F6C5CA91BB3FE8500CE5506 /* Assets.xcassets */ = {isa = PBXFileReference; lastKnownFileType = folder.assetcatalog; path = Assets.xcassets; sourceTree = "<group>"; };
		4F6C5CAC1BB3FE8500CE5506 /* Base */ = {isa = PBXFileReference; lastKnownFileType = file.storyboard; name = Base; path = Base.lproj/LaunchScreen.storyboard; sourceTree = "<group>"; };
		4F6C5CAE1BB3FE8500CE5506 /* Info.plist */ = {isa = PBXFileReference; lastKnownFileType = text.plist.xml; path = Info.plist; sourceTree = "<group>"; };
		4F6C5CB31BB3FE8500CE5506 /* OLiNotifictionCenterTests.xctest */ = {isa = PBXFileReference; explicitFileType = wrapper.cfbundle; includeInIndex = 0; path = OLiNotifictionCenterTests.xctest; sourceTree = BUILT_PRODUCTS_DIR; };
		4F6C5CB71BB3FE8500CE5506 /* OLiNotifictionCenterTests.m */ = {isa = PBXFileReference; lastKnownFileType = sourcecode.c.objc; path = OLiNotifictionCenterTests.m; sourceTree = "<group>"; };
		4F6C5CB91BB3FE8500CE5506 /* Info.plist */ = {isa = PBXFileReference; lastKnownFileType = text.plist.xml; path = Info.plist; sourceTree = "<group>"; };
		4F6C5CBE1BB3FE8500CE5506 /* OLiNotifictionCenterUITests.xctest */ = {isa = PBXFileReference; explicitFileType = wrapper.cfbundle; includeInIndex = 0; path = OLiNotifictionCenterUITests.xctest; sourceTree = BUILT_PRODUCTS_DIR; };
		4F6C5CC21BB3FE8500CE5506 /* OLiNotifictionCenterUITests.m */ = {isa = PBXFileReference; lastKnownFileType = sourcecode.c.objc; path = OLiNotifictionCenterUITests.m; sourceTree = "<group>"; };
		4F6C5CC41BB3FE8500CE5506 /* Info.plist */ = {isa = PBXFileReference; lastKnownFileType = text.plist.xml; path = Info.plist; sourceTree = "<group>"; };
		4F6C5CD11BB3FEBA00CE5506 /* OLiNotifictionCenterManage.h */ = {isa = PBXFileReference; fileEncoding = 4; lastKnownFileType = sourcecode.c.h; path = OLiNotifictionCenterManage.h; sourceTree = "<group>"; };
		4F6C5CD21BB3FEBA00CE5506 /* OLiNotifictionCenterManage.m */ = {isa = PBXFileReference; fileEncoding = 4; lastKnownFileType = sourcecode.c.objc; path = OLiNotifictionCenterManage.m; sourceTree = "<group>"; };
/* End PBXFileReference section */

/* Begin PBXFrameworksBuildPhase section */
		4F6C5C971BB3FE8500CE5506 /* Frameworks */ = {
			isa = PBXFrameworksBuildPhase;
			buildActionMask = 2147483647;
			files = (
			);
			runOnlyForDeploymentPostprocessing = 0;
		};
		4F6C5CB01BB3FE8500CE5506 /* Frameworks */ = {
			isa = PBXFrameworksBuildPhase;
			buildActionMask = 2147483647;
			files = (
			);
			runOnlyForDeploymentPostprocessing = 0;
		};
		4F6C5CBB1BB3FE8500CE5506 /* Frameworks */ = {
			isa = PBXFrameworksBuildPhase;
			buildActionMask = 2147483647;
			files = (
			);
			runOnlyForDeploymentPostprocessing = 0;
		};
/* End PBXFrameworksBuildPhase section */

/* Begin PBXGroup section */
		4F6C5C911BB3FE8500CE5506 = {
			isa = PBXGroup;
			children = (
				4F6C5C9C1BB3FE8500CE5506 /* OLiNotifictionCenter */,
				4F6C5CB61BB3FE8500CE5506 /* OLiNotifictionCenterTests */,
				4F6C5CC11BB3FE8500CE5506 /* OLiNotifictionCenterUITests */,
				4F6C5C9B1BB3FE8500CE5506 /* Products */,
			);
			sourceTree = "<group>";
		};
		4F6C5C9B1BB3FE8500CE5506 /* Products */ = {
			isa = PBXGroup;
			children = (
				4F6C5C9A1BB3FE8500CE5506 /* OLiNotifictionCenter.app */,
				4F6C5CB31BB3FE8500CE5506 /* OLiNotifictionCenterTests.xctest */,
				4F6C5CBE1BB3FE8500CE5506 /* OLiNotifictionCenterUITests.xctest */,
			);
			name = Products;
			sourceTree = "<group>";
		};
		4F6C5C9C1BB3FE8500CE5506 /* OLiNotifictionCenter */ = {
			isa = PBXGroup;
			children = (
				4F6C5CD01BB3FEBA00CE5506 /* LecarxNotiCenterManage */,
				4F6C5CA01BB3FE8500CE5506 /* AppDelegate.h */,
				4F6C5CA11BB3FE8500CE5506 /* AppDelegate.m */,
				4F6C5CA31BB3FE8500CE5506 /* ViewController.h */,
				4F6C5CA41BB3FE8500CE5506 /* ViewController.m */,
				4F6C5CA61BB3FE8500CE5506 /* Main.storyboard */,
				4F6C5CA91BB3FE8500CE5506 /* Assets.xcassets */,
				4F6C5CAB1BB3FE8500CE5506 /* LaunchScreen.storyboard */,
				4F6C5CAE1BB3FE8500CE5506 /* Info.plist */,
				4F6C5C9D1BB3FE8500CE5506 /* Supporting Files */,
			);
			path = OLiNotifictionCenter;
			sourceTree = "<group>";
		};
		4F6C5C9D1BB3FE8500CE5506 /* Supporting Files */ = {
			isa = PBXGroup;
			children = (
				4F6C5C9E1BB3FE8500CE5506 /* main.m */,
			);
			name = "Supporting Files";
			sourceTree = "<group>";
		};
		4F6C5CB61BB3FE8500CE5506 /* OLiNotifictionCenterTests */ = {
			isa = PBXGroup;
			children = (
				4F6C5CB71BB3FE8500CE5506 /* OLiNotifictionCenterTests.m */,
				4F6C5CB91BB3FE8500CE5506 /* Info.plist */,
			);
			path = OLiNotifictionCenterTests;
			sourceTree = "<group>";
		};
		4F6C5CC11BB3FE8500CE5506 /* OLiNotifictionCenterUITests */ = {
			isa = PBXGroup;
			children = (
				4F6C5CC21BB3FE8500CE5506 /* OLiNotifictionCenterUITests.m */,
				4F6C5CC41BB3FE8500CE5506 /* Info.plist */,
			);
			path = OLiNotifictionCenterUITests;
			sourceTree = "<group>";
		};
		4F6C5CD01BB3FEBA00CE5506 /* LecarxNotiCenterManage */ = {
			isa = PBXGroup;
			children = (
				4F6C5CD11BB3FEBA00CE5506 /* OLiNotifictionCenterManage.h */,
				4F6C5CD21BB3FEBA00CE5506 /* OLiNotifictionCenterManage.m */,
			);
			path = LecarxNotiCenterManage;
			sourceTree = "<group>";
		};
/* End PBXGroup section */

/* Begin PBXNativeTarget section */
		4F6C5C991BB3FE8500CE5506 /* OLiNotifictionCenter */ = {
			isa = PBXNativeTarget;
			buildConfigurationList = 4F6C5CC71BB3FE8500CE5506 /* Build configuration list for PBXNativeTarget "OLiNotifictionCenter" */;
			buildPhases = (
				4F6C5C961BB3FE8500CE5506 /* Sources */,
				4F6C5C971BB3FE8500CE5506 /* Frameworks */,
				4F6C5C981BB3FE8500CE5506 /* Resources */,
			);
			buildRules = (
			);
			dependencies = (
			);
			name = OLiNotifictionCenter;
			productName = OLiNotifictionCenter;
			productReference = 4F6C5C9A1BB3FE8500CE5506 /* OLiNotifictionCenter.app */;
			productType = "com.apple.product-type.application";
		};
		4F6C5CB21BB3FE8500CE5506 /* OLiNotifictionCenterTests */ = {
			isa = PBXNativeTarget;
			buildConfigurationList = 4F6C5CCA1BB3FE8500CE5506 /* Build configuration list for PBXNativeTarget "OLiNotifictionCenterTests" */;
			buildPhases = (
				4F6C5CAF1BB3FE8500CE5506 /* Sources */,
				4F6C5CB01BB3FE8500CE5506 /* Frameworks */,
				4F6C5CB11BB3FE8500CE5506 /* Resources */,
			);
			buildRules = (
			);
			dependencies = (
				4F6C5CB51BB3FE8500CE5506 /* PBXTargetDependency */,
			);
			name = OLiNotifictionCenterTests;
			productName = OLiNotifictionCenterTests;
			productReference = 4F6C5CB31BB3FE8500CE5506 /* OLiNotifictionCenterTests.xctest */;
			productType = "com.apple.product-type.bundle.unit-test";
		};
		4F6C5CBD1BB3FE8500CE5506 /* OLiNotifictionCenterUITests */ = {
			isa = PBXNativeTarget;
			buildConfigurationList = 4F6C5CCD1BB3FE8500CE5506 /* Build configuration list for PBXNativeTarget "OLiNotifictionCenterUITests" */;
			buildPhases = (
				4F6C5CBA1BB3FE8500CE5506 /* Sources */,
				4F6C5CBB1BB3FE8500CE5506 /* Frameworks */,
				4F6C5CBC1BB3FE8500CE5506 /* Resources */,
			);
			buildRules = (
			);
			dependencies = (
				4F6C5CC01BB3FE8500CE5506 /* PBXTargetDependency */,
			);
			name = OLiNotifictionCenterUITests;
			productName = OLiNotifictionCenterUITests;
			productReference = 4F6C5CBE1BB3FE8500CE5506 /* OLiNotifictionCenterUITests.xctest */;
			productType = "com.apple.product-type.bundle.ui-testing";
		};
/* End PBXNativeTarget section */

/* Begin PBXProject section */
		4F6C5C921BB3FE8500CE5506 /* Project object */ = {
			isa = PBXProject;
			attributes = {
				LastUpgradeCheck = 0700;
				ORGANIZATIONNAME = OLi;
				TargetAttributes = {
					4F6C5C991BB3FE8500CE5506 = {
						CreatedOnToolsVersion = 7.0;
					};
					4F6C5CB21BB3FE8500CE5506 = {
						CreatedOnToolsVersion = 7.0;
						TestTargetID = 4F6C5C991BB3FE8500CE5506;
					};
					4F6C5CBD1BB3FE8500CE5506 = {
						CreatedOnToolsVersion = 7.0;
						TestTargetID = 4F6C5C991BB3FE8500CE5506;
					};
				};
			};
			buildConfigurationList = 4F6C5C951BB3FE8500CE5506 /* Build configuration list for PBXProject "OLiNotifictionCenter" */;
			compatibilityVersion = "Xcode 3.2";
			developmentRegion = English;
			hasScannedForEncodings = 0;
			knownRegions = (
				en,
				Base,
			);
			mainGroup = 4F6C5C911BB3FE8500CE5506;
			productRefGroup = 4F6C5C9B1BB3FE8500CE5506 /* Products */;
			projectDirPath = "";
			projectRoot = "";
			targets = (
				4F6C5C991BB3FE8500CE5506 /* OLiNotifictionCenter */,
				4F6C5CB21BB3FE8500CE5506 /* OLiNotifictionCenterTests */,
				4F6C5CBD1BB3FE8500CE5506 /* OLiNotifictionCenterUITests */,
			);
		};
/* End PBXProject section */

/* Begin PBXResourcesBuildPhase section */
		4F6C5C981BB3FE8500CE5506 /* Resources */ = {
			isa = PBXResourcesBuildPhase;
			buildActionMask = 2147483647;
			files = (
				4F6C5CAD1BB3FE8500CE5506 /* LaunchScreen.storyboard in Resources */,
				4F6C5CAA1BB3FE8500CE5506 /* Assets.xcassets in Resources */,
				4F6C5CA81BB3FE8500CE5506 /* Main.storyboard in Resources */,
			);
			runOnlyForDeploymentPostprocessing = 0;
		};
		4F6C5CB11BB3FE8500CE5506 /* Resources */ = {
			isa = PBXResourcesBuildPhase;
			buildActionMask = 2147483647;
			files = (
			);
			runOnlyForDeploymentPostprocessing = 0;
		};
		4F6C5CBC1BB3FE8500CE5506 /* Resources */ = {
			isa = PBXResourcesBuildPhase;
			buildActionMask = 2147483647;
			files = (
			);
			runOnlyForDeploymentPostprocessing = 0;
		};
/* End PBXResourcesBuildPhase section */

/* Begin PBXSourcesBuildPhase section */
		4F6C5C961BB3FE8500CE5506 /* Sources */ = {
			isa = PBXSourcesBuildPhase;
			buildActionMask = 2147483647;
			files = (
				4F6C5CA51BB3FE8500CE5506 /* ViewController.m in Sources */,
				4F6C5CA21BB3FE8500CE5506 /* AppDelegate.m in Sources */,
				4F6C5C9F1BB3FE8500CE5506 /* main.m in Sources */,
				4F6C5CD31BB3FEBA00CE5506 /* OLiNotifictionCenterManage.m in Sources */,
			);
			runOnlyForDeploymentPostprocessing = 0;
		};
		4F6C5CAF1BB3FE8500CE5506 /* Sources */ = {
			isa = PBXSourcesBuildPhase;
			buildActionMask = 2147483647;
			files = (
				4F6C5CB81BB3FE8500CE5506 /* OLiNotifictionCenterTests.m in Sources */,
				4F6C5CD41BB3FEBA00CE5506 /* OLiNotifictionCenterManage.m in Sources */,
			);
			runOnlyForDeploymentPostprocessing = 0;
		};
		4F6C5CBA1BB3FE8500CE5506 /* Sources */ = {
			isa = PBXSourcesBuildPhase;
			buildActionMask = 2147483647;
			files = (
				4F6C5CC31BB3FE8500CE5506 /* OLiNotifictionCenterUITests.m in Sources */,
				4F6C5CD51BB3FEBA00CE5506 /* OLiNotifictionCenterManage.m in Sources */,
			);
			runOnlyForDeploymentPostprocessing = 0;
		};
/* End PBXSourcesBuildPhase section */

/* Begin PBXTargetDependency section */
		4F6C5CB51BB3FE8500CE5506 /* PBXTargetDependency */ = {
			isa = PBXTargetDependency;
			target = 4F6C5C991BB3FE8500CE5506 /* OLiNotifictionCenter */;
			targetProxy = 4F6C5CB41BB3FE8500CE5506 /* PBXContainerItemProxy */;
		};
		4F6C5CC01BB3FE8500CE5506 /* PBXTargetDependency */ = {
			isa = PBXTargetDependency;
			target = 4F6C5C991BB3FE8500CE5506 /* OLiNotifictionCenter */;
			targetProxy = 4F6C5CBF1BB3FE8500CE5506 /* PBXContainerItemProxy */;
		};
/* End PBXTargetDependency section */

/* Begin PBXVariantGroup section */
		4F6C5CA61BB3FE8500CE5506 /* Main.storyboard */ = {
			isa = PBXVariantGroup;
			children = (
				4F6C5CA71BB3FE8500CE5506 /* Base */,
			);
			name = Main.storyboard;
			sourceTree = "<group>";
		};
		4F6C5CAB1BB3FE8500CE5506 /* LaunchScreen.storyboard */ = {
			isa = PBXVariantGroup;
			children = (
				4F6C5CAC1BB3FE8500CE5506 /* Base */,
			);
			name = LaunchScreen.storyboard;
			sourceTree = "<group>";
		};
/* End PBXVariantGroup section */

/* Begin XCBuildConfiguration section */
		4F6C5CC51BB3FE8500CE5506 /* Debug */ = {
			isa = XCBuildConfiguration;
			buildSettings = {
				ALWAYS_SEARCH_USER_PATHS = NO;
				CLANG_CXX_LANGUAGE_STANDARD = "gnu++0x";
				CLANG_CXX_LIBRARY = "libc++";
				CLANG_ENABLE_MODULES = YES;
				CLANG_ENABLE_OBJC_ARC = YES;
				CLANG_WARN_BOOL_CONVERSION = YES;
				CLANG_WARN_CONSTANT_CONVERSION = YES;
				CLANG_WARN_DIRECT_OBJC_ISA_USAGE = YES_ERROR;
				CLANG_WARN_EMPTY_BODY = YES;
				CLANG_WARN_ENUM_CONVERSION = YES;
				CLANG_WARN_INT_CONVERSION = YES;
				CLANG_WARN_OBJC_ROOT_CLASS = YES_ERROR;
				CLANG_WARN_UNREACHABLE_CODE = YES;
				CLANG_WARN__DUPLICATE_METHOD_MATCH = YES;
				"CODE_SIGN_IDENTITY[sdk=iphoneos*]" = "iPhone Developer";
				COPY_PHASE_STRIP = NO;
				DEBUG_INFORMATION_FORMAT = dwarf;
				ENABLE_STRICT_OBJC_MSGSEND = YES;
				ENABLE_TESTABILITY = YES;
				GCC_C_LANGUAGE_STANDARD = gnu99;
				GCC_DYNAMIC_NO_PIC = NO;
				GCC_NO_COMMON_BLOCKS = YES;
				GCC_OPTIMIZATION_LEVEL = 0;
				GCC_PREPROCESSOR_DEFINITIONS = (
					"DEBUG=1",
					"$(inherited)",
				);
				GCC_WARN_64_TO_32_BIT_CONVERSION = YES;
				GCC_WARN_ABOUT_RETURN_TYPE = YES_ERROR;
				GCC_WARN_UNDECLARED_SELECTOR = YES;
				GCC_WARN_UNINITIALIZED_AUTOS = YES_AGGRESSIVE;
				GCC_WARN_UNUSED_FUNCTION = YES;
				GCC_WARN_UNUSED_VARIABLE = YES;
				IPHONEOS_DEPLOYMENT_TARGET = 9.0;
				MTL_ENABLE_DEBUG_INFO = YES;
				ONLY_ACTIVE_ARCH = YES;
				SDKROOT = iphoneos;
				TARGETED_DEVICE_FAMILY = "1,2";
			};
			name = Debug;
		};
		4F6C5CC61BB3FE8500CE5506 /* Release */ = {
			isa = XCBuildConfiguration;
			buildSettings = {
				ALWAYS_SEARCH_USER_PATHS = NO;
				CLANG_CXX_LANGUAGE_STANDARD = "gnu++0x";
				CLANG_CXX_LIBRARY = "libc++";
				CLANG_ENABLE_MODULES = YES;
				CLANG_ENABLE_OBJC_ARC = YES;
				CLANG_WARN_BOOL_CONVERSION = YES;
				CLANG_WARN_CONSTANT_CONVERSION = YES;
				CLANG_WARN_DIRECT_OBJC_ISA_USAGE = YES_ERROR;
				CLANG_WARN_EMPTY_BODY = YES;
				CLANG_WARN_ENUM_CONVERSION = YES;
				CLANG_WARN_INT_CONVERSION = YES;
				CLANG_WARN_OBJC_ROOT_CLASS = YES_ERROR;
				CLANG_WARN_UNREACHABLE_CODE = YES;
				CLANG_WARN__DUPLICATE_METHOD_MATCH = YES;
				"CODE_SIGN_IDENTITY[sdk=iphoneos*]" = "iPhone Developer";
				COPY_PHASE_STRIP = NO;
				DEBUG_INFORMATION_FORMAT = "dwarf-with-dsym";
				ENABLE_NS_ASSERTIONS = NO;
				ENABLE_STRICT_OBJC_MSGSEND = YES;
				GCC_C_LANGUAGE_STANDARD = gnu99;
				GCC_NO_COMMON_BLOCKS = YES;
				GCC_WARN_64_TO_32_BIT_CONVERSION = YES;
				GCC_WARN_ABOUT_RETURN_TYPE = YES_ERROR;
				GCC_WARN_UNDECLARED_SELECTOR = YES;
				GCC_WARN_UNINITIALIZED_AUTOS = YES_AGGRESSIVE;
				GCC_WARN_UNUSED_FUNCTION = YES;
				GCC_WARN_UNUSED_VARIABLE = YES;
				IPHONEOS_DEPLOYMENT_TARGET = 9.0;
				MTL_ENABLE_DEBUG_INFO = NO;
				SDKROOT = iphoneos;
				TARGETED_DEVICE_FAMILY = "1,2";
				VALIDATE_PRODUCT = YES;
			};
			name = Release;
		};
		4F6C5CC81BB3FE8500CE5506 /* Debug */ = {
			isa = XCBuildConfiguration;
			buildSettings = {
				ASSETCATALOG_COMPILER_APPICON_NAME = AppIcon;
				INFOPLIST_FILE = OLiNotifictionCenter/Info.plist;
				LD_RUNPATH_SEARCH_PATHS = "$(inherited) @executable_path/Frameworks";
				PRODUCT_BUNDLE_IDENTIFIER = Brooks.OLiNotifictionCenter;
				PRODUCT_NAME = "$(TARGET_NAME)";
			};
			name = Debug;
		};
		4F6C5CC91BB3FE8500CE5506 /* Release */ = {
			isa = XCBuildConfiguration;
			buildSettings = {
				ASSETCATALOG_COMPILER_APPICON_NAME = AppIcon;
				INFOPLIST_FILE = OLiNotifictionCenter/Info.plist;
				LD_RUNPATH_SEARCH_PATHS = "$(inherited) @executable_path/Frameworks";
				PRODUCT_BUNDLE_IDENTIFIER = Brooks.OLiNotifictionCenter;
				PRODUCT_NAME = "$(TARGET_NAME)";
			};
			name = Release;
		};
		4F6C5CCB1BB3FE8500CE5506 /* Debug */ = {
			isa = XCBuildConfiguration;
			buildSettings = {
				BUNDLE_LOADER = "$(TEST_HOST)";
				INFOPLIST_FILE = OLiNotifictionCenterTests/Info.plist;
				LD_RUNPATH_SEARCH_PATHS = "$(inherited) @executable_path/Frameworks @loader_path/Frameworks";
				PRODUCT_BUNDLE_IDENTIFIER = Brooks.OLiNotifictionCenterTests;
				PRODUCT_NAME = "$(TARGET_NAME)";
				TEST_HOST = "$(BUILT_PRODUCTS_DIR)/OLiNotifictionCenter.app/OLiNotifictionCenter";
			};
			name = Debug;
		};
		4F6C5CCC1BB3FE8500CE5506 /* Release */ = {
			isa = XCBuildConfiguration;
			buildSettings = {
				BUNDLE_LOADER = "$(TEST_HOST)";
				INFOPLIST_FILE = OLiNotifictionCenterTests/Info.plist;
				LD_RUNPATH_SEARCH_PATHS = "$(inherited) @executable_path/Frameworks @loader_path/Frameworks";
				PRODUCT_BUNDLE_IDENTIFIER = Brooks.OLiNotifictionCenterTests;
				PRODUCT_NAME = "$(TARGET_NAME)";
				TEST_HOST = "$(BUILT_PRODUCTS_DIR)/OLiNotifictionCenter.app/OLiNotifictionCenter";
			};
			name = Release;
		};
		4F6C5CCE1BB3FE8500CE5506 /* Debug */ = {
			isa = XCBuildConfiguration;
			buildSettings = {
				INFOPLIST_FILE = OLiNotifictionCenterUITests/Info.plist;
				LD_RUNPATH_SEARCH_PATHS = "$(inherited) @executable_path/Frameworks @loader_path/Frameworks";
				PRODUCT_BUNDLE_IDENTIFIER = Brooks.OLiNotifictionCenterUITests;
				PRODUCT_NAME = "$(TARGET_NAME)";
				TEST_TARGET_NAME = OLiNotifictionCenter;
				USES_XCTRUNNER = YES;
			};
			name = Debug;
		};
		4F6C5CCF1BB3FE8500CE5506 /* Release */ = {
			isa = XCBuildConfiguration;
			buildSettings = {
				INFOPLIST_FILE = OLiNotifictionCenterUITests/Info.plist;
				LD_RUNPATH_SEARCH_PATHS = "$(inherited) @executable_path/Frameworks @loader_path/Frameworks";
				PRODUCT_BUNDLE_IDENTIFIER = Brooks.OLiNotifictionCenterUITests;
				PRODUCT_NAME = "$(TARGET_NAME)";
				TEST_TARGET_NAME = OLiNotifictionCenter;
				USES_XCTRUNNER = YES;
			};
			name = Release;
		};
/* End XCBuildConfiguration section */

/* Begin XCConfigurationList section */
		4F6C5C951BB3FE8500CE5506 /* Build configuration list for PBXProject "OLiNotifictionCenter" */ = {
			isa = XCConfigurationList;
			buildConfigurations = (
				4F6C5CC51BB3FE8500CE5506 /* Debug */,
				4F6C5CC61BB3FE8500CE5506 /* Release */,
			);
			defaultConfigurationIsVisible = 0;
			defaultConfigurationName = Release;
		};
		4F6C5CC71BB3FE8500CE5506 /* Build configuration list for PBXNativeTarget "OLiNotifictionCenter" */ = {
			isa = XCConfigurationList;
			buildConfigurations = (
				4F6C5CC81BB3FE8500CE5506 /* Debug */,
				4F6C5CC91BB3FE8500CE5506 /* Release */,
			);
			defaultConfigurationIsVisible = 0;
		};
		4F6C5CCA1BB3FE8500CE5506 /* Build configuration list for PBXNativeTarget "OLiNotifictionCenterTests" */ = {
			isa = XCConfigurationList;
			buildConfigurations = (
				4F6C5CCB1BB3FE8500CE5506 /* Debug */,
				4F6C5CCC1BB3FE8500CE5506 /* Release */,
			);
			defaultConfigurationIsVisible = 0;
		};
		4F6C5CCD1BB3FE8500CE5506 /* Build configuration list for PBXNativeTarget "OLiNotifictionCenterUITests" */ = {
			isa = XCConfigurationList;
			buildConfigurations = (
				4F6C5CCE1BB3FE8500CE5506 /* Debug */,
				4F6C5CCF1BB3FE8500CE5506 /* Release */,
			);
			defaultConfigurationIsVisible = 0;
		};
/* End XCConfigurationList section */
	};
	rootObject = 4F6C5C921BB3FE8500CE5506 /* Project object */;
}
